
Microsoft Visual Studio Solution File, Format Version 12.00
# Visual Studio Version 17
VisualStudioVersion = 17.10.35027.167
MinimumVisualStudioVersion = 10.0.40219.1
Project("{9A19103F-16F7-4668-BE54-9A1E7A4F7556}") = "UniversityWebApp", "UniversityWebApp\UniversityWebApp.csproj", "{F6DDC50E-4B59-4247-8F96-512B2A4D051D}"
EndProject
Project("{FAE04EC0-301F-11D3-BF4B-00C04F79EFBC}") = "UniversityWebApp.Test", "UniversityWebApp.Test\UniversityWebApp.Test\UniversityWebApp.Test.csproj", "{FB17640A-5767-40EC-89EE-CC8985A762C0}"
EndProject
Global
	GlobalSection(SolutionConfigurationPlatforms) = preSolution
		Debug|Any CPU = Debug|Any CPU
		Release|Any CPU = Release|Any CPU
	EndGlobalSection
	GlobalSection(ProjectConfigurationPlatforms) = postSolution
		{F6DDC50E-4B59-4247-8F96-512B2A4D051D}.Debug|Any CPU.ActiveCfg = Debug|Any CPU
		{F6DDC50E-4B59-4247-8F96-512B2A4D051D}.Debug|Any CPU.Build.0 = Debug|Any CPU
		{F6DDC50E-4B59-4247-8F96-512B2A4D051D}.Release|Any CPU.ActiveCfg = Release|Any CPU
		{F6DDC50E-4B59-4247-8F96-512B2A4D051D}.Release|Any CPU.Build.0 = Release|Any CPU
		{FB17640A-5767-40EC-89EE-CC8985A762C0}.Debug|Any CPU.ActiveCfg = Debug|Any CPU
		{FB17640A-5767-40EC-89EE-CC8985A762C0}.Debug|Any CPU.Build.0 = Debug|Any CPU
		{FB17640A-5767-40EC-89EE-CC8985A762C0}.Release|Any CPU.ActiveCfg = Release|Any CPU
		{FB17640A-5767-40EC-89EE-CC8985A762C0}.Release|Any CPU.Build.0 = Release|Any CPU
	EndGlobalSection
	GlobalSection(SolutionProperties) = preSolution
		HideSolutionNode = FALSE
	EndGlobalSection
	GlobalSection(ExtensibilityGlobals) = postSolution
		SolutionGuid = {BADFD0C0-9C7E-46EC-A2CB-B08CCFF099F7}
	EndGlobalSection
EndGlobal
